
Microsoft Visual Studio Solution File, Format Version 12.00
# Visual Studio 14
VisualStudioVersion = 14.0.25420.1
MinimumVisualStudioVersion = 10.0.40219.1
Project("{FAE04EC0-301F-11D3-BF4B-00C04F79EFBC}") = "proyectoGame", "proyectoGame\proyectoGame.csproj", "{62A3DCD6-D195-4292-88A1-B73D1E1BFF5A}"
EndProject
Global
	GlobalSection(SolutionConfigurationPlatforms) = preSolution
		Debug|Any CPU = Debug|Any CPU
		Release|Any CPU = Release|Any CPU
	EndGlobalSection
	GlobalSection(ProjectConfigurationPlatforms) = postSolution
		{62A3DCD6-D195-4292-88A1-B73D1E1BFF5A}.Debug|Any CPU.ActiveCfg = Debug|Any CPU
		{62A3DCD6-D195-4292-88A1-B73D1E1BFF5A}.Debug|Any CPU.Build.0 = Debug|Any CPU
		{62A3DCD6-D195-4292-88A1-B73D1E1BFF5A}.Release|Any CPU.ActiveCfg = Release|Any CPU
		{62A3DCD6-D195-4292-88A1-B73D1E1BFF5A}.Release|Any CPU.Build.0 = Release|Any CPU
	EndGlobalSection
	GlobalSection(SolutionProperties) = preSolution
		HideSolutionNode = FALSE
	EndGlobalSection
EndGlobal
